{
  "version": 4,
  "terraform_version": "1.4.4",
  "serial": 25,
  "lineage": "68ee9c82-e32b-8c70-5fcf-12b83c67fec4",
  "outputs": {},
  "resources": [
    {
      "mode": "managed",
      "type": "oci_artifacts_container_repository",
      "name": "image_repository",
      "provider": "provider[\"registry.terraform.io/hashicorp/oci\"]",
      "instances": [
        {
          "schema_version": 0,
          "attributes": {
            "billable_size_in_gbs": "0",
            "compartment_id": "ocid1.tenancy.oc1..aaaaaaaaz3bwa2i4lmfp4g5x5tqp247gsnuv7l6235aatis3a7oziohdoxoq",
            "created_by": "ocid1.user.oc1..aaaaaaaaew5obwvy6lkj7udchn3f7nzzyjhodqirtgpjirzias66r4qqqyoq",
            "display_name": "image-repo",
            "id": "ocid1.containerrepo.oc1.us-chicago-1.0.axwdgpdkjhye.aaaaaaaad4gdlnqqxur4jn6ateowexislmcbln7ied7rudmjvzmos25jfltq",
            "image_count": 0,
            "is_immutable": false,
            "is_public": false,
            "layer_count": 0,
            "layers_size_in_bytes": "0",
            "readme": [
              {
                "content": "yash's private image repository",
                "format": "text/plain"
              }
            ],
            "state": "AVAILABLE",
            "time_created": "2023-04-04 03:42:34.323 +0000 UTC",
            "time_last_pushed": null,
            "timeouts": null
          },
          "sensitive_attributes": [],
          "private": "eyJlMmJmYjczMC1lY2FhLTExZTYtOGY4OC0zNDM2M2JjN2M0YzAiOnsiY3JlYXRlIjoxMjAwMDAwMDAwMDAwLCJkZWxldGUiOjEyMDAwMDAwMDAwMDAsInVwZGF0ZSI6MTIwMDAwMDAwMDAwMH19"
        }
      ]
    },
    {
      "mode": "managed",
      "type": "oci_core_subnet",
      "name": "default_subnet",
      "provider": "provider[\"registry.terraform.io/hashicorp/oci\"]",
      "instances": [
        {
          "schema_version": 0,
          "attributes": {
            "availability_domain": null,
            "cidr_block": "10.0.1.0/24",
            "compartment_id": "ocid1.tenancy.oc1..aaaaaaaaz3bwa2i4lmfp4g5x5tqp247gsnuv7l6235aatis3a7oziohdoxoq",
            "defined_tags": {
              "Oracle-Tags.CreatedBy": "default/syash12@gmail.com",
              "Oracle-Tags.CreatedOn": "2023-04-03T12:13:12.204Z"
            },
            "dhcp_options_id": "ocid1.dhcpoptions.oc1.us-chicago-1.aaaaaaaaiguieb6aokp3llfyeotsbeusdyc4dp5ggqe7yvcflkqs2kx2po2a",
            "display_name": "Default Subnet",
            "dns_label": null,
            "freeform_tags": {},
            "id": "ocid1.subnet.oc1.us-chicago-1.aaaaaaaagrpngnbkwk4eidxmgbwk674x6y4izhgthgjuvr4wjgz5aw3vfjwq",
            "ipv6cidr_block": null,
            "ipv6cidr_blocks": [],
            "ipv6virtual_router_ip": null,
            "prohibit_internet_ingress": false,
            "prohibit_public_ip_on_vnic": false,
            "route_table_id": "ocid1.routetable.oc1.us-chicago-1.aaaaaaaahfee5gobltfku5l6lpus7zgmi47aboujizkxuzg25p7kvvvjwo6a",
            "security_list_ids": [
              "ocid1.securitylist.oc1.us-chicago-1.aaaaaaaawg3oanrvqq3q2pw6skcclsj7xv5tipsbm46ocyibmxjqm4zqbfnq"
            ],
            "state": "AVAILABLE",
            "subnet_domain_name": null,
            "time_created": "2023-04-03 12:13:12.233 +0000 UTC",
            "timeouts": null,
            "vcn_id": "ocid1.vcn.oc1.us-chicago-1.amaaaaaajdxrtwaavbntbrgqly6qjhkvomcodvwtywe2p5w4ar6mt36mh6la",
            "virtual_router_ip": "10.0.1.1",
            "virtual_router_mac": "00:00:17:29:ED:E7"
          },
          "sensitive_attributes": [],
          "private": "eyJlMmJmYjczMC1lY2FhLTExZTYtOGY4OC0zNDM2M2JjN2M0YzAiOnsiY3JlYXRlIjoxMjAwMDAwMDAwMDAwLCJkZWxldGUiOjEyMDAwMDAwMDAwMDAsInVwZGF0ZSI6MTIwMDAwMDAwMDAwMH19",
          "dependencies": [
            "oci_core_vcn.default_vcn"
          ]
        }
      ]
    },
    {
      "mode": "managed",
      "type": "oci_core_vcn",
      "name": "default_vcn",
      "provider": "provider[\"registry.terraform.io/hashicorp/oci\"]",
      "instances": [
        {
          "schema_version": 0,
          "attributes": {
            "byoipv6cidr_blocks": [],
            "byoipv6cidr_details": [],
            "cidr_block": "10.0.0.0/16",
            "cidr_blocks": [
              "10.0.0.0/16"
            ],
            "compartment_id": "ocid1.tenancy.oc1..aaaaaaaaz3bwa2i4lmfp4g5x5tqp247gsnuv7l6235aatis3a7oziohdoxoq",
            "default_dhcp_options_id": "ocid1.dhcpoptions.oc1.us-chicago-1.aaaaaaaaiguieb6aokp3llfyeotsbeusdyc4dp5ggqe7yvcflkqs2kx2po2a",
            "default_route_table_id": "ocid1.routetable.oc1.us-chicago-1.aaaaaaaahfee5gobltfku5l6lpus7zgmi47aboujizkxuzg25p7kvvvjwo6a",
            "default_security_list_id": "ocid1.securitylist.oc1.us-chicago-1.aaaaaaaawg3oanrvqq3q2pw6skcclsj7xv5tipsbm46ocyibmxjqm4zqbfnq",
            "defined_tags": {
              "Oracle-Tags.CreatedBy": "default/syash12@gmail.com",
              "Oracle-Tags.CreatedOn": "2023-04-03T03:09:31.734Z"
            },
            "display_name": "Default VCN",
            "dns_label": null,
            "freeform_tags": {},
            "id": "ocid1.vcn.oc1.us-chicago-1.amaaaaaajdxrtwaavbntbrgqly6qjhkvomcodvwtywe2p5w4ar6mt36mh6la",
            "ipv6cidr_blocks": [],
            "ipv6private_cidr_blocks": [],
            "is_ipv6enabled": false,
            "is_oracle_gua_allocation_enabled": null,
            "state": "AVAILABLE",
            "time_created": "2023-04-03 03:09:31.84 +0000 UTC",
            "timeouts": null,
            "vcn_domain_name": null
          },
          "sensitive_attributes": [],
          "private": "eyJlMmJmYjczMC1lY2FhLTExZTYtOGY4OC0zNDM2M2JjN2M0YzAiOnsiY3JlYXRlIjoxMjAwMDAwMDAwMDAwLCJkZWxldGUiOjEyMDAwMDAwMDAwMDAsInVwZGF0ZSI6MTIwMDAwMDAwMDAwMH19"
        }
      ]
    },
    {
      "module": "module.oke_cluster",
      "mode": "data",
      "type": "oci_containerengine_cluster_kube_config",
      "name": "k8s_auth",
      "provider": "provider[\"registry.terraform.io/hashicorp/oci\"]",
      "instances": [
        {
          "schema_version": 0,
          "attributes": {
            "cluster_id": "ocid1.cluster.oc1.us-chicago-1.aaaaaaaasavns55uqc3pltdbztlwe7rqajl2k6yboi4iumbjccfnyezhg57a",
            "content": "---\napiVersion: v1\nkind: \"\"\nclusters:\n- name: cluster-cfnyezhg57a\n  cluster:\n    server: https://131.186.10.144:6443\n    certificate-authority-data: LS0tLS1CRUdJTiBDRVJUSUZJQ0FURS0tLS0tCk1JSURpRENDQW5DZ0F3SUJBZ0lRRVlPUk5uVXJ5dWQxaGhiU2lTZHhUakFOQmdrcWhraUc5dzBCQVFzRkFEQmUKTVE4d0RRWURWUVFEREFaTE9ITWdRMEV4Q3pBSkJnTlZCQVlUQWxWVE1ROHdEUVlEVlFRSERBWkJkWE4wYVc0eApEekFOQmdOVkJBb01Cazl5WVdOc1pURU1NQW9HQTFVRUN3d0RUMk5wTVE0d0RBWURWUVFJREFWVVpYaGhjekFlCkZ3MHlNekEwTURNd016VXdNRGRhRncweU9EQTBNRE13TXpVd01EZGFNRjR4RHpBTkJnTlZCQU1NQmtzNGN5QkQKUVRFTE1Ba0dBMVVFQmhNQ1ZWTXhEekFOQmdOVkJBY01Ca0YxYzNScGJqRVBNQTBHQTFVRUNnd0dUM0poWTJ4bApNUXd3Q2dZRFZRUUxEQU5QWTJreERqQU1CZ05WQkFnTUJWUmxlR0Z6TUlJQklqQU5CZ2txaGtpRzl3MEJBUUVGCkFBT0NBUThBTUlJQkNnS0NBUUVBbDc1Qm5YamZWM1ZhR2hucWlQclNGK291ZlQ3VTEzQUw0TEo1SUorc2VUOXIKT1Q3OWQwSmhENVJITUhuaGRwUnJWMmV4eVNKcjRoSG5CQ21jb3VxdmhubXIrZG5mT3RzaE56TFpKMk5JU2I0TQpTbitOdnFVYzZQUFhsZlBuYzF1WDZaVWlkdXFDWUFsRVQrVHM1QzgvTWhqQm1IYUZiNktFQUpCQmNZV1FCdkdxCkMrTndxRXlqbEVtL3RNcEpocnovRjh0WWtHazVqWDBVYWRCaDlvUElWbm0xYlRYZEFxZzNHbjRLbjBldW9xUW4KSTF2TnZndWtUbldsTlNnOExhdlpvRE16OXVJWHJkL1luOVppa01GN3ZiVWhDc0t6Uk1UMU9kMmNZSmtFcW5GOApPcGl4U2RYbmNBTnZNYTZQVXQzUmJSdnRUUWRJZk03WTRnYzhrcmRqYVFJREFRQUJvMEl3UURBUEJnTlZIUk1CCkFmOEVCVEFEQVFIL01BNEdBMVVkRHdFQi93UUVBd0lCQmpBZEJnTlZIUTRFRmdRVXM3ZDVZT1lLRk5tNmdsRTEKTEdhU29VOENwc0F3RFFZSktvWklodmNOQVFFTEJRQURnZ0VCQUI0dVg4UjY0YUljeWJjdVY3YUxOaFJXZ0ZWMwpNMXM5SWgrNFhHL0Q3NjZmQXkwL0h4U3Q2cGZnZDhvR1MzZzUzb2VLcGlZQWVYUHBET0tQVzE4OWg5YWdrQVpZCitKT05JOHJlbERHN09xWVlCOHRPYWdncjgwUE14VVgwLzVnN2p4RUJ2b0FxK2IrNzM4TDU5QVhVMXRLTWU5ckcKdVg3Qm5DR1ZMd2tpZnpBS242UU82TmxMT0dOSWNkMWJvMWlJdXh5d3Rma29GWElxSDJ0Q1M5WXd4cGFJY2lSMwo4RmxtNG8zYm9BZlNTZTk1SUwzTno2cnhTWnc0MjIwVEZqZm5iMjNudE9Bczk1NEY0eXg3SndaVFBoUmNETktXCmhvdTRhWnAramQvQ1kyNjMxaWI4V1pvbkJrWis4aWZaZDFPYWU5dkhqTFdwQ1l4OFZpK2U5ZTJvMmdZPQotLS0tLUVORCBDRVJUSUZJQ0FURS0tLS0tCg==\nusers:\n- name: user-cfnyezhg57a\n  user:\n    exec:\n      apiVersion: client.authentication.k8s.io/v1beta1\n      command: oci\n      args:\n      - ce\n      - cluster\n      - generate-token\n      - --cluster-id\n      - ocid1.cluster.oc1.us-chicago-1.aaaaaaaasavns55uqc3pltdbztlwe7rqajl2k6yboi4iumbjccfnyezhg57a\n      - --region\n      - us-chicago-1\n      env: []\ncontexts:\n- name: context-cfnyezhg57a\n  context:\n    cluster: cluster-cfnyezhg57a\n    user: user-cfnyezhg57a\ncurrent-context: context-cfnyezhg57a\n",
            "endpoint": null,
            "expiration": null,
            "id": "ContainerengineClusterKubeConfigDataSource-379871115",
            "token_version": null
          },
          "sensitive_attributes": []
        }
      ]
    },
    {
      "module": "module.oke_cluster",
      "mode": "managed",
      "type": "local_file",
      "name": "kubeconfig",
      "provider": "provider[\"registry.terraform.io/hashicorp/local\"]",
      "instances": [
        {
          "schema_version": 0,
          "attributes": {
            "content": "---\napiVersion: v1\nkind: \"\"\nclusters:\n- name: cluster-cfnyezhg57a\n  cluster:\n    server: https://131.186.10.144:6443\n    certificate-authority-data: LS0tLS1CRUdJTiBDRVJUSUZJQ0FURS0tLS0tCk1JSURpRENDQW5DZ0F3SUJBZ0lRRVlPUk5uVXJ5dWQxaGhiU2lTZHhUakFOQmdrcWhraUc5dzBCQVFzRkFEQmUKTVE4d0RRWURWUVFEREFaTE9ITWdRMEV4Q3pBSkJnTlZCQVlUQWxWVE1ROHdEUVlEVlFRSERBWkJkWE4wYVc0eApEekFOQmdOVkJBb01Cazl5WVdOc1pURU1NQW9HQTFVRUN3d0RUMk5wTVE0d0RBWURWUVFJREFWVVpYaGhjekFlCkZ3MHlNekEwTURNd016VXdNRGRhRncweU9EQTBNRE13TXpVd01EZGFNRjR4RHpBTkJnTlZCQU1NQmtzNGN5QkQKUVRFTE1Ba0dBMVVFQmhNQ1ZWTXhEekFOQmdOVkJBY01Ca0YxYzNScGJqRVBNQTBHQTFVRUNnd0dUM0poWTJ4bApNUXd3Q2dZRFZRUUxEQU5QWTJreERqQU1CZ05WQkFnTUJWUmxlR0Z6TUlJQklqQU5CZ2txaGtpRzl3MEJBUUVGCkFBT0NBUThBTUlJQkNnS0NBUUVBbDc1Qm5YamZWM1ZhR2hucWlQclNGK291ZlQ3VTEzQUw0TEo1SUorc2VUOXIKT1Q3OWQwSmhENVJITUhuaGRwUnJWMmV4eVNKcjRoSG5CQ21jb3VxdmhubXIrZG5mT3RzaE56TFpKMk5JU2I0TQpTbitOdnFVYzZQUFhsZlBuYzF1WDZaVWlkdXFDWUFsRVQrVHM1QzgvTWhqQm1IYUZiNktFQUpCQmNZV1FCdkdxCkMrTndxRXlqbEVtL3RNcEpocnovRjh0WWtHazVqWDBVYWRCaDlvUElWbm0xYlRYZEFxZzNHbjRLbjBldW9xUW4KSTF2TnZndWtUbldsTlNnOExhdlpvRE16OXVJWHJkL1luOVppa01GN3ZiVWhDc0t6Uk1UMU9kMmNZSmtFcW5GOApPcGl4U2RYbmNBTnZNYTZQVXQzUmJSdnRUUWRJZk03WTRnYzhrcmRqYVFJREFRQUJvMEl3UURBUEJnTlZIUk1CCkFmOEVCVEFEQVFIL01BNEdBMVVkRHdFQi93UUVBd0lCQmpBZEJnTlZIUTRFRmdRVXM3ZDVZT1lLRk5tNmdsRTEKTEdhU29VOENwc0F3RFFZSktvWklodmNOQVFFTEJRQURnZ0VCQUI0dVg4UjY0YUljeWJjdVY3YUxOaFJXZ0ZWMwpNMXM5SWgrNFhHL0Q3NjZmQXkwL0h4U3Q2cGZnZDhvR1MzZzUzb2VLcGlZQWVYUHBET0tQVzE4OWg5YWdrQVpZCitKT05JOHJlbERHN09xWVlCOHRPYWdncjgwUE14VVgwLzVnN2p4RUJ2b0FxK2IrNzM4TDU5QVhVMXRLTWU5ckcKdVg3Qm5DR1ZMd2tpZnpBS242UU82TmxMT0dOSWNkMWJvMWlJdXh5d3Rma29GWElxSDJ0Q1M5WXd4cGFJY2lSMwo4RmxtNG8zYm9BZlNTZTk1SUwzTno2cnhTWnc0MjIwVEZqZm5iMjNudE9Bczk1NEY0eXg3SndaVFBoUmNETktXCmhvdTRhWnAramQvQ1kyNjMxaWI4V1pvbkJrWis4aWZaZDFPYWU5dkhqTFdwQ1l4OFZpK2U5ZTJvMmdZPQotLS0tLUVORCBDRVJUSUZJQ0FURS0tLS0tCg==\nusers:\n- name: user-cfnyezhg57a\n  user:\n    exec:\n      apiVersion: client.authentication.k8s.io/v1beta1\n      command: oci\n      args:\n      - ce\n      - cluster\n      - generate-token\n      - --cluster-id\n      - ocid1.cluster.oc1.us-chicago-1.aaaaaaaasavns55uqc3pltdbztlwe7rqajl2k6yboi4iumbjccfnyezhg57a\n      - --region\n      - us-chicago-1\n      env: []\ncontexts:\n- name: context-cfnyezhg57a\n  context:\n    cluster: cluster-cfnyezhg57a\n    user: user-cfnyezhg57a\ncurrent-context: context-cfnyezhg57a\n",
            "content_base64": null,
            "content_base64sha256": "q0zDKqaanPZgV/cxC3O6p+r9/E8VRisCgwSSsQP3hdk=",
            "content_base64sha512": "SdvnkWSMAJAVNx5Xm+enZfZRgrsfmoZm1ArogUVnmATvQv6/mkst4GskKwWnacKn9JaNMKRS04ch5k6JQysqrg==",
            "content_md5": "e0c1bf5c7f0f09cc6e01f8af0c2063a7",
            "content_sha1": "43fcb03f0d44d508b322a386aaf7a37be0431335",
            "content_sha256": "ab4cc32aa69a9cf66057f7310b73baa7eafdfc4f15462b02830492b103f785d9",
            "content_sha512": "49dbe791648c009015371e579be7a765f65182bb1f9a8666d40ae88145679804ef42febf9a4b2de06b242b05a769c2a7f4968d30a452d38721e64e89432b2aae",
            "directory_permission": "0777",
            "file_permission": "0777",
            "filename": "/Users/yashshahi/.kube/config",
            "id": "43fcb03f0d44d508b322a386aaf7a37be0431335",
            "sensitive_content": null,
            "source": null
          },
          "sensitive_attributes": [],
          "dependencies": [
            "module.oke_cluster.data.oci_containerengine_cluster_kube_config.k8s_auth",
            "module.oke_cluster.oci_containerengine_cluster.k8s_cluster",
            "oci_core_vcn.default_vcn"
          ]
        }
      ]
    },
    {
      "module": "module.oke_cluster",
      "mode": "managed",
      "type": "oci_containerengine_cluster",
      "name": "k8s_cluster",
      "provider": "provider[\"registry.terraform.io/hashicorp/oci\"]",
      "instances": [
        {
          "schema_version": 0,
          "attributes": {
            "available_kubernetes_upgrades": [],
            "cluster_pod_network_options": [
              {
                "cni_type": "FLANNEL_OVERLAY"
              }
            ],
            "compartment_id": "ocid1.tenancy.oc1..aaaaaaaaz3bwa2i4lmfp4g5x5tqp247gsnuv7l6235aatis3a7oziohdoxoq",
            "defined_tags": {
              "Oracle-Tags.CreatedBy": "default/syash12@gmail.com",
              "Oracle-Tags.CreatedOn": "2023-04-03T03:49:28.067Z"
            },
            "endpoint_config": [],
            "endpoints": [
              {
                "kubernetes": "131.186.10.144:6443",
                "private_endpoint": "",
                "public_endpoint": "",
                "vcn_hostname_endpoint": ""
              }
            ],
            "freeform_tags": {},
            "id": "ocid1.cluster.oc1.us-chicago-1.aaaaaaaasavns55uqc3pltdbztlwe7rqajl2k6yboi4iumbjccfnyezhg57a",
            "image_policy_config": [
              {
                "is_policy_enabled": false,
                "key_details": []
              }
            ],
            "kms_key_id": null,
            "kubernetes_version": "v1.25.4",
            "lifecycle_details": null,
            "metadata": [
              {
                "created_by_user_id": "ocid1.user.oc1..aaaaaaaaew5obwvy6lkj7udchn3f7nzzyjhodqirtgpjirzias66r4qqqyoq",
                "created_by_work_request_id": "ocid1.clustersworkrequest.oc1.us-chicago-1.aaaaaaaaeiol7wucgxgbdafwuzlq42lz6e36zqkzvy3qgvgmlwu7y4ekz5kq",
                "deleted_by_user_id": "",
                "deleted_by_work_request_id": "",
                "time_created": "2023-04-03 03:49:28 +0000 UTC",
                "time_deleted": "",
                "time_updated": "",
                "updated_by_user_id": "",
                "updated_by_work_request_id": ""
              }
            ],
            "name": "oci-k8s-cluster",
            "options": [
              {
                "add_ons": [
                  {
                    "is_kubernetes_dashboard_enabled": false,
                    "is_tiller_enabled": false
                  }
                ],
                "admission_controller_options": [
                  {
                    "is_pod_security_policy_enabled": false
                  }
                ],
                "kubernetes_network_config": [
                  {
                    "pods_cidr": "10.244.0.0/16",
                    "services_cidr": "10.96.0.0/16"
                  }
                ],
                "persistent_volume_config": [
                  {
                    "defined_tags": {},
                    "freeform_tags": {}
                  }
                ],
                "service_lb_config": [
                  {
                    "defined_tags": {},
                    "freeform_tags": {}
                  }
                ],
                "service_lb_subnet_ids": []
              }
            ],
            "state": "ACTIVE",
            "timeouts": null,
            "type": "BASIC_CLUSTER",
            "vcn_id": "ocid1.vcn.oc1.us-chicago-1.amaaaaaajdxrtwaavbntbrgqly6qjhkvomcodvwtywe2p5w4ar6mt36mh6la"
          },
          "sensitive_attributes": [],
          "private": "eyJlMmJmYjczMC1lY2FhLTExZTYtOGY4OC0zNDM2M2JjN2M0YzAiOnsiY3JlYXRlIjozNjAwMDAwMDAwMDAwLCJkZWxldGUiOjM2MDAwMDAwMDAwMDAsInVwZGF0ZSI6MzYwMDAwMDAwMDAwMH19",
          "dependencies": [
            "oci_core_vcn.default_vcn"
          ]
        }
      ]
    }
  ],
  "check_results": null
}
